
Microsoft Visual Studio Solution File, Format Version 12.00
# Visual Studio Version 17
VisualStudioVersion = 17.0.31912.275
MinimumVisualStudioVersion = 10.0.40219.1
Project("{FAE04EC0-301F-11D3-BF4B-00C04F79EFBC}") = "CC_Properties_Lesson10", "CC_Properties_Lesson10\CC_Properties_Lesson10.csproj", "{E5181EC0-D9D8-436E-9315-03E5CFB63956}"
EndProject
Global
	GlobalSection(SolutionConfigurationPlatforms) = preSolution
		Debug|Any CPU = Debug|Any CPU
		Release|Any CPU = Release|Any CPU
	EndGlobalSection
	GlobalSection(ProjectConfigurationPlatforms) = postSolution
		{E5181EC0-D9D8-436E-9315-03E5CFB63956}.Debug|Any CPU.ActiveCfg = Debug|Any CPU
		{E5181EC0-D9D8-436E-9315-03E5CFB63956}.Debug|Any CPU.Build.0 = Debug|Any CPU
		{E5181EC0-D9D8-436E-9315-03E5CFB63956}.Release|Any CPU.ActiveCfg = Release|Any CPU
		{E5181EC0-D9D8-436E-9315-03E5CFB63956}.Release|Any CPU.Build.0 = Release|Any CPU
	EndGlobalSection
	GlobalSection(SolutionProperties) = preSolution
		HideSolutionNode = FALSE
	EndGlobalSection
	GlobalSection(ExtensibilityGlobals) = postSolution
		SolutionGuid = {0FA50EFC-9625-415B-9ADA-5EE6EFBB6D9C}
	EndGlobalSection
EndGlobal
